
Microsoft Visual Studio Solution File, Format Version 12.00
# Visual Studio 15
VisualStudioVersion = 15.0.28307.645
MinimumVisualStudioVersion = 10.0.40219.1
Project("{FAE04EC0-301F-11D3-BF4B-00C04F79EFBC}") = "CompraExpressv2.Android", "CompraExpressv2\CompraExpressv2.Android\CompraExpressv2.Android.csproj", "{7B1A106F-542D-465E-907B-C02D00FBDEE8}"
EndProject
Project("{FAE04EC0-301F-11D3-BF4B-00C04F79EFBC}") = "CompraExpressv2.iOS", "CompraExpressv2\CompraExpressv2.iOS\CompraExpressv2.iOS.csproj", "{192CBE70-DAC7-4D03-B254-1998801F083A}"
EndProject
Project("{FAE04EC0-301F-11D3-BF4B-00C04F79EFBC}") = "CompraExpressv2.UWP", "CompraExpressv2\CompraExpressv2.UWP\CompraExpressv2.UWP.csproj", "{FD1C74B0-F575-4E76-83FB-2B81B3300E64}"
EndProject
Project("{D954291E-2A0B-460D-934E-DC6B0785DB48}") = "CompraExpressv2", "CompraExpressv2\CompraExpressv2\CompraExpressv2.shproj", "{DC54BF05-FEA8-4EDF-8962-52BB1FD81F96}"
EndProject
Global
	GlobalSection(SharedMSBuildProjectFiles) = preSolution
		CompraExpressv2\CompraExpressv2\CompraExpressv2.projitems*{192cbe70-dac7-4d03-b254-1998801f083a}*SharedItemsImports = 4
		CompraExpressv2\CompraExpressv2\CompraExpressv2.projitems*{7b1a106f-542d-465e-907b-c02d00fbdee8}*SharedItemsImports = 4
		CompraExpressv2\CompraExpressv2\CompraExpressv2.projitems*{dc54bf05-fea8-4edf-8962-52bb1fd81f96}*SharedItemsImports = 13
		CompraExpressv2\CompraExpressv2\CompraExpressv2.projitems*{fd1c74b0-f575-4e76-83fb-2b81b3300e64}*SharedItemsImports = 4
	EndGlobalSection
	GlobalSection(SolutionConfigurationPlatforms) = preSolution
		Ad-Hoc|Any CPU = Ad-Hoc|Any CPU
		Ad-Hoc|ARM = Ad-Hoc|ARM
		Ad-Hoc|iPhone = Ad-Hoc|iPhone
		Ad-Hoc|iPhoneSimulator = Ad-Hoc|iPhoneSimulator
		Ad-Hoc|x64 = Ad-Hoc|x64
		Ad-Hoc|x86 = Ad-Hoc|x86
		AppStore|Any CPU = AppStore|Any CPU
		AppStore|ARM = AppStore|ARM
		AppStore|iPhone = AppStore|iPhone
		AppStore|iPhoneSimulator = AppStore|iPhoneSimulator
		AppStore|x64 = AppStore|x64
		AppStore|x86 = AppStore|x86
		Debug|Any CPU = Debug|Any CPU
		Debug|ARM = Debug|ARM
		Debug|iPhone = Debug|iPhone
		Debug|iPhoneSimulator = Debug|iPhoneSimulator
		Debug|x64 = Debug|x64
		Debug|x86 = Debug|x86
		Release|Any CPU = Release|Any CPU
		Release|ARM = Release|ARM
		Release|iPhone = Release|iPhone
		Release|iPhoneSimulator = Release|iPhoneSimulator
		Release|x64 = Release|x64
		Release|x86 = Release|x86
	EndGlobalSection
	GlobalSection(ProjectConfigurationPlatforms) = postSolution
		{7B1A106F-542D-465E-907B-C02D00FBDEE8}.Ad-Hoc|Any CPU.ActiveCfg = Release|Any CPU
		{7B1A106F-542D-465E-907B-C02D00FBDEE8}.Ad-Hoc|Any CPU.Build.0 = Release|Any CPU
		{7B1A106F-542D-465E-907B-C02D00FBDEE8}.Ad-Hoc|Any CPU.Deploy.0 = Release|Any CPU
		{7B1A106F-542D-465E-907B-C02D00FBDEE8}.Ad-Hoc|ARM.ActiveCfg = Release|Any CPU
		{7B1A106F-542D-465E-907B-C02D00FBDEE8}.Ad-Hoc|ARM.Build.0 = Release|Any CPU
		{7B1A106F-542D-465E-907B-C02D00FBDEE8}.Ad-Hoc|ARM.Deploy.0 = Release|Any CPU
		{7B1A106F-542D-465E-907B-C02D00FBDEE8}.Ad-Hoc|iPhone.ActiveCfg = Release|Any CPU
		{7B1A106F-542D-465E-907B-C02D00FBDEE8}.Ad-Hoc|iPhone.Build.0 = Release|Any CPU
		{7B1A106F-542D-465E-907B-C02D00FBDEE8}.Ad-Hoc|iPhone.Deploy.0 = Release|Any CPU
		{7B1A106F-542D-465E-907B-C02D00FBDEE8}.Ad-Hoc|iPhoneSimulator.ActiveCfg = Release|Any CPU
		{7B1A106F-542D-465E-907B-C02D00FBDEE8}.Ad-Hoc|iPhoneSimulator.Build.0 = Release|Any CPU
		{7B1A106F-542D-465E-907B-C02D00FBDEE8}.Ad-Hoc|iPhoneSimulator.Deploy.0 = Release|Any CPU
		{7B1A106F-542D-465E-907B-C02D00FBDEE8}.Ad-Hoc|x64.ActiveCfg = Release|Any CPU
		{7B1A106F-542D-465E-907B-C02D00FBDEE8}.Ad-Hoc|x64.Build.0 = Release|Any CPU
		{7B1A106F-542D-465E-907B-C02D00FBDEE8}.Ad-Hoc|x64.Deploy.0 = Release|Any CPU
		{7B1A106F-542D-465E-907B-C02D00FBDEE8}.Ad-Hoc|x86.ActiveCfg = Release|Any CPU
		{7B1A106F-542D-465E-907B-C02D00FBDEE8}.Ad-Hoc|x86.Build.0 = Release|Any CPU
		{7B1A106F-542D-465E-907B-C02D00FBDEE8}.Ad-Hoc|x86.Deploy.0 = Release|Any CPU
		{7B1A106F-542D-465E-907B-C02D00FBDEE8}.AppStore|Any CPU.ActiveCfg = Release|Any CPU
		{7B1A106F-542D-465E-907B-C02D00FBDEE8}.AppStore|Any CPU.Build.0 = Release|Any CPU
		{7B1A106F-542D-465E-907B-C02D00FBDEE8}.AppStore|Any CPU.Deploy.0 = Release|Any CPU
		{7B1A106F-542D-465E-907B-C02D00FBDEE8}.AppStore|ARM.ActiveCfg = Release|Any CPU
		{7B1A106F-542D-465E-907B-C02D00FBDEE8}.AppStore|ARM.Build.0 = Release|Any CPU
		{7B1A106F-542D-465E-907B-C02D00FBDEE8}.AppStore|ARM.Deploy.0 = Release|Any CPU
		{7B1A106F-542D-465E-907B-C02D00FBDEE8}.AppStore|iPhone.ActiveCfg = Release|Any CPU
		{7B1A106F-542D-465E-907B-C02D00FBDEE8}.AppStore|iPhone.Build.0 = Release|Any CPU
		{7B1A106F-542D-465E-907B-C02D00FBDEE8}.AppStore|iPhone.Deploy.0 = Release|Any CPU
		{7B1A106F-542D-465E-907B-C02D00FBDEE8}.AppStore|iPhoneSimulator.ActiveCfg = Release|Any CPU
		{7B1A106F-542D-465E-907B-C02D00FBDEE8}.AppStore|iPhoneSimulator.Build.0 = Release|Any CPU
		{7B1A106F-542D-465E-907B-C02D00FBDEE8}.AppStore|iPhoneSimulator.Deploy.0 = Release|Any CPU
		{7B1A106F-542D-465E-907B-C02D00FBDEE8}.AppStore|x64.ActiveCfg = Release|Any CPU
		{7B1A106F-542D-465E-907B-C02D00FBDEE8}.AppStore|x64.Build.0 = Release|Any CPU
		{7B1A106F-542D-465E-907B-C02D00FBDEE8}.AppStore|x64.Deploy.0 = Release|Any CPU
		{7B1A106F-542D-465E-907B-C02D00FBDEE8}.AppStore|x86.ActiveCfg = Release|Any CPU
		{7B1A106F-542D-465E-907B-C02D00FBDEE8}.AppStore|x86.Build.0 = Release|Any CPU
		{7B1A106F-542D-465E-907B-C02D00FBDEE8}.AppStore|x86.Deploy.0 = Release|Any CPU
		{7B1A106F-542D-465E-907B-C02D00FBDEE8}.Debug|Any CPU.ActiveCfg = Debug|Any CPU
		{7B1A106F-542D-465E-907B-C02D00FBDEE8}.Debug|Any CPU.Build.0 = Debug|Any CPU
		{7B1A106F-542D-465E-907B-C02D00FBDEE8}.Debug|Any CPU.Deploy.0 = Debug|Any CPU
		{7B1A106F-542D-465E-907B-C02D00FBDEE8}.Debug|ARM.ActiveCfg = Debug|Any CPU
		{7B1A106F-542D-465E-907B-C02D00FBDEE8}.Debug|ARM.Build.0 = Debug|Any CPU
		{7B1A106F-542D-465E-907B-C02D00FBDEE8}.Debug|ARM.Deploy.0 = Debug|Any CPU
		{7B1A106F-542D-465E-907B-C02D00FBDEE8}.Debug|iPhone.ActiveCfg = Debug|Any CPU
		{7B1A106F-542D-465E-907B-C02D00FBDEE8}.Debug|iPhone.Build.0 = Debug|Any CPU
		{7B1A106F-542D-465E-907B-C02D00FBDEE8}.Debug|iPhone.Deploy.0 = Debug|Any CPU
		{7B1A106F-542D-465E-907B-C02D00FBDEE8}.Debug|iPhoneSimulator.ActiveCfg = Debug|Any CPU
		{7B1A106F-542D-465E-907B-C02D00FBDEE8}.Debug|iPhoneSimulator.Build.0 = Debug|Any CPU
		{7B1A106F-542D-465E-907B-C02D00FBDEE8}.Debug|iPhoneSimulator.Deploy.0 = Debug|Any CPU
		{7B1A106F-542D-465E-907B-C02D00FBDEE8}.Debug|x64.ActiveCfg = Debug|Any CPU
		{7B1A106F-542D-465E-907B-C02D00FBDEE8}.Debug|x64.Build.0 = Debug|Any CPU
		{7B1A106F-542D-465E-907B-C02D00FBDEE8}.Debug|x64.Deploy.0 = Debug|Any CPU
		{7B1A106F-542D-465E-907B-C02D00FBDEE8}.Debug|x86.ActiveCfg = Debug|Any CPU
		{7B1A106F-542D-465E-907B-C02D00FBDEE8}.Debug|x86.Build.0 = Debug|Any CPU
		{7B1A106F-542D-465E-907B-C02D00FBDEE8}.Debug|x86.Deploy.0 = Debug|Any CPU
		{7B1A106F-542D-465E-907B-C02D00FBDEE8}.Release|Any CPU.ActiveCfg = Release|Any CPU
		{7B1A106F-542D-465E-907B-C02D00FBDEE8}.Release|Any CPU.Build.0 = Release|Any CPU
		{7B1A106F-542D-465E-907B-C02D00FBDEE8}.Release|Any CPU.Deploy.0 = Release|Any CPU
		{7B1A106F-542D-465E-907B-C02D00FBDEE8}.Release|ARM.ActiveCfg = Release|Any CPU
		{7B1A106F-542D-465E-907B-C02D00FBDEE8}.Release|ARM.Build.0 = Release|Any CPU
		{7B1A106F-542D-465E-907B-C02D00FBDEE8}.Release|ARM.Deploy.0 = Release|Any CPU
		{7B1A106F-542D-465E-907B-C02D00FBDEE8}.Release|iPhone.ActiveCfg = Release|Any CPU
		{7B1A106F-542D-465E-907B-C02D00FBDEE8}.Release|iPhone.Build.0 = Release|Any CPU
		{7B1A106F-542D-465E-907B-C02D00FBDEE8}.Release|iPhone.Deploy.0 = Release|Any CPU
		{7B1A106F-542D-465E-907B-C02D00FBDEE8}.Release|iPhoneSimulator.ActiveCfg = Release|Any CPU
		{7B1A106F-542D-465E-907B-C02D00FBDEE8}.Release|iPhoneSimulator.Build.0 = Release|Any CPU
		{7B1A106F-542D-465E-907B-C02D00FBDEE8}.Release|iPhoneSimulator.Deploy.0 = Release|Any CPU
		{7B1A106F-542D-465E-907B-C02D00FBDEE8}.Release|x64.ActiveCfg = Release|Any CPU
		{7B1A106F-542D-465E-907B-C02D00FBDEE8}.Release|x64.Build.0 = Release|Any CPU
		{7B1A106F-542D-465E-907B-C02D00FBDEE8}.Release|x64.Deploy.0 = Release|Any CPU
		{7B1A106F-542D-465E-907B-C02D00FBDEE8}.Release|x86.ActiveCfg = Release|Any CPU
		{7B1A106F-542D-465E-907B-C02D00FBDEE8}.Release|x86.Build.0 = Release|Any CPU
		{7B1A106F-542D-465E-907B-C02D00FBDEE8}.Release|x86.Deploy.0 = Release|Any CPU
		{192CBE70-DAC7-4D03-B254-1998801F083A}.Ad-Hoc|Any CPU.ActiveCfg = Ad-Hoc|iPhone
		{192CBE70-DAC7-4D03-B254-1998801F083A}.Ad-Hoc|Any CPU.Build.0 = Ad-Hoc|iPhone
		{192CBE70-DAC7-4D03-B254-1998801F083A}.Ad-Hoc|Any CPU.Deploy.0 = Ad-Hoc|iPhone
		{192CBE70-DAC7-4D03-B254-1998801F083A}.Ad-Hoc|ARM.ActiveCfg = Ad-Hoc|iPhone
		{192CBE70-DAC7-4D03-B254-1998801F083A}.Ad-Hoc|ARM.Build.0 = Ad-Hoc|iPhone
		{192CBE70-DAC7-4D03-B254-1998801F083A}.Ad-Hoc|ARM.Deploy.0 = Ad-Hoc|iPhone
		{192CBE70-DAC7-4D03-B254-1998801F083A}.Ad-Hoc|iPhone.ActiveCfg = Ad-Hoc|iPhone
		{192CBE70-DAC7-4D03-B254-1998801F083A}.Ad-Hoc|iPhone.Build.0 = Ad-Hoc|iPhone
		{192CBE70-DAC7-4D03-B254-1998801F083A}.Ad-Hoc|iPhone.Deploy.0 = Ad-Hoc|iPhone
		{192CBE70-DAC7-4D03-B254-1998801F083A}.Ad-Hoc|iPhoneSimulator.ActiveCfg = Ad-Hoc|iPhoneSimulator
		{192CBE70-DAC7-4D03-B254-1998801F083A}.Ad-Hoc|iPhoneSimulator.Build.0 = Ad-Hoc|iPhoneSimulator
		{192CBE70-DAC7-4D03-B254-1998801F083A}.Ad-Hoc|iPhoneSimulator.Deploy.0 = Ad-Hoc|iPhoneSimulator
		{192CBE70-DAC7-4D03-B254-1998801F083A}.Ad-Hoc|x64.ActiveCfg = Ad-Hoc|iPhone
		{192CBE70-DAC7-4D03-B254-1998801F083A}.Ad-Hoc|x64.Build.0 = Ad-Hoc|iPhone
		{192CBE70-DAC7-4D03-B254-1998801F083A}.Ad-Hoc|x64.Deploy.0 = Ad-Hoc|iPhone
		{192CBE70-DAC7-4D03-B254-1998801F083A}.Ad-Hoc|x86.ActiveCfg = Ad-Hoc|iPhone
		{192CBE70-DAC7-4D03-B254-1998801F083A}.Ad-Hoc|x86.Build.0 = Ad-Hoc|iPhone
		{192CBE70-DAC7-4D03-B254-1998801F083A}.Ad-Hoc|x86.Deploy.0 = Ad-Hoc|iPhone
		{192CBE70-DAC7-4D03-B254-1998801F083A}.AppStore|Any CPU.ActiveCfg = AppStore|iPhone
		{192CBE70-DAC7-4D03-B254-1998801F083A}.AppStore|Any CPU.Build.0 = AppStore|iPhone
		{192CBE70-DAC7-4D03-B254-1998801F083A}.AppStore|Any CPU.Deploy.0 = AppStore|iPhone
		{192CBE70-DAC7-4D03-B254-1998801F083A}.AppStore|ARM.ActiveCfg = AppStore|iPhone
		{192CBE70-DAC7-4D03-B254-1998801F083A}.AppStore|ARM.Build.0 = AppStore|iPhone
		{192CBE70-DAC7-4D03-B254-1998801F083A}.AppStore|ARM.Deploy.0 = AppStore|iPhone
		{192CBE70-DAC7-4D03-B254-1998801F083A}.AppStore|iPhone.ActiveCfg = AppStore|iPhone
		{192CBE70-DAC7-4D03-B254-1998801F083A}.AppStore|iPhone.Build.0 = AppStore|iPhone
		{192CBE70-DAC7-4D03-B254-1998801F083A}.AppStore|iPhone.Deploy.0 = AppStore|iPhone
		{192CBE70-DAC7-4D03-B254-1998801F083A}.AppStore|iPhoneSimulator.ActiveCfg = AppStore|iPhoneSimulator
		{192CBE70-DAC7-4D03-B254-1998801F083A}.AppStore|iPhoneSimulator.Build.0 = AppStore|iPhoneSimulator
		{192CBE70-DAC7-4D03-B254-1998801F083A}.AppStore|iPhoneSimulator.Deploy.0 = AppStore|iPhoneSimulator
		{192CBE70-DAC7-4D03-B254-1998801F083A}.AppStore|x64.ActiveCfg = AppStore|iPhone
		{192CBE70-DAC7-4D03-B254-1998801F083A}.AppStore|x64.Build.0 = AppStore|iPhone
		{192CBE70-DAC7-4D03-B254-1998801F083A}.AppStore|x64.Deploy.0 = AppStore|iPhone
		{192CBE70-DAC7-4D03-B254-1998801F083A}.AppStore|x86.ActiveCfg = AppStore|iPhone
		{192CBE70-DAC7-4D03-B254-1998801F083A}.AppStore|x86.Build.0 = AppStore|iPhone
		{192CBE70-DAC7-4D03-B254-1998801F083A}.AppStore|x86.Deploy.0 = AppStore|iPhone
		{192CBE70-DAC7-4D03-B254-1998801F083A}.Debug|Any CPU.ActiveCfg = Debug|iPhoneSimulator
		{192CBE70-DAC7-4D03-B254-1998801F083A}.Debug|Any CPU.Build.0 = Debug|iPhoneSimulator
		{192CBE70-DAC7-4D03-B254-1998801F083A}.Debug|Any CPU.Deploy.0 = Debug|iPhoneSimulator
		{192CBE70-DAC7-4D03-B254-1998801F083A}.Debug|ARM.ActiveCfg = Debug|iPhone
		{192CBE70-DAC7-4D03-B254-1998801F083A}.Debug|ARM.Build.0 = Debug|iPhone
		{192CBE70-DAC7-4D03-B254-1998801F083A}.Debug|ARM.Deploy.0 = Debug|iPhone
		{192CBE70-DAC7-4D03-B254-1998801F083A}.Debug|iPhone.ActiveCfg = Debug|iPhone
		{192CBE70-DAC7-4D03-B254-1998801F083A}.Debug|iPhone.Build.0 = Debug|iPhone
		{192CBE70-DAC7-4D03-B254-1998801F083A}.Debug|iPhone.Deploy.0 = Debug|iPhone
		{192CBE70-DAC7-4D03-B254-1998801F083A}.Debug|iPhoneSimulator.ActiveCfg = Debug|iPhoneSimulator
		{192CBE70-DAC7-4D03-B254-1998801F083A}.Debug|iPhoneSimulator.Build.0 = Debug|iPhoneSimulator
		{192CBE70-DAC7-4D03-B254-1998801F083A}.Debug|iPhoneSimulator.Deploy.0 = Debug|iPhoneSimulator
		{192CBE70-DAC7-4D03-B254-1998801F083A}.Debug|x64.ActiveCfg = Debug|iPhone
		{192CBE70-DAC7-4D03-B254-1998801F083A}.Debug|x64.Build.0 = Debug|iPhone
		{192CBE70-DAC7-4D03-B254-1998801F083A}.Debug|x64.Deploy.0 = Debug|iPhone
		{192CBE70-DAC7-4D03-B254-1998801F083A}.Debug|x86.ActiveCfg = Debug|iPhone
		{192CBE70-DAC7-4D03-B254-1998801F083A}.Debug|x86.Build.0 = Debug|iPhone
		{192CBE70-DAC7-4D03-B254-1998801F083A}.Debug|x86.Deploy.0 = Debug|iPhone
		{192CBE70-DAC7-4D03-B254-1998801F083A}.Release|Any CPU.ActiveCfg = Release|iPhone
		{192CBE70-DAC7-4D03-B254-1998801F083A}.Release|Any CPU.Build.0 = Release|iPhone
		{192CBE70-DAC7-4D03-B254-1998801F083A}.Release|Any CPU.Deploy.0 = Release|iPhone
		{192CBE70-DAC7-4D03-B254-1998801F083A}.Release|ARM.ActiveCfg = Release|iPhone
		{192CBE70-DAC7-4D03-B254-1998801F083A}.Release|ARM.Build.0 = Release|iPhone
		{192CBE70-DAC7-4D03-B254-1998801F083A}.Release|ARM.Deploy.0 = Release|iPhone
		{192CBE70-DAC7-4D03-B254-1998801F083A}.Release|iPhone.ActiveCfg = Release|iPhone
		{192CBE70-DAC7-4D03-B254-1998801F083A}.Release|iPhone.Build.0 = Release|iPhone
		{192CBE70-DAC7-4D03-B254-1998801F083A}.Release|iPhone.Deploy.0 = Release|iPhone
		{192CBE70-DAC7-4D03-B254-1998801F083A}.Release|iPhoneSimulator.ActiveCfg = Release|iPhoneSimulator
		{192CBE70-DAC7-4D03-B254-1998801F083A}.Release|iPhoneSimulator.Build.0 = Release|iPhoneSimulator
		{192CBE70-DAC7-4D03-B254-1998801F083A}.Release|iPhoneSimulator.Deploy.0 = Release|iPhoneSimulator
		{192CBE70-DAC7-4D03-B254-1998801F083A}.Release|x64.ActiveCfg = Release|iPhone
		{192CBE70-DAC7-4D03-B254-1998801F083A}.Release|x64.Build.0 = Release|iPhone
		{192CBE70-DAC7-4D03-B254-1998801F083A}.Release|x64.Deploy.0 = Release|iPhone
		{192CBE70-DAC7-4D03-B254-1998801F083A}.Release|x86.ActiveCfg = Release|iPhone
		{192CBE70-DAC7-4D03-B254-1998801F083A}.Release|x86.Build.0 = Release|iPhone
		{192CBE70-DAC7-4D03-B254-1998801F083A}.Release|x86.Deploy.0 = Release|iPhone
		{FD1C74B0-F575-4E76-83FB-2B81B3300E64}.Ad-Hoc|Any CPU.ActiveCfg = Release|x86
		{FD1C74B0-F575-4E76-83FB-2B81B3300E64}.Ad-Hoc|Any CPU.Build.0 = Release|x86
		{FD1C74B0-F575-4E76-83FB-2B81B3300E64}.Ad-Hoc|Any CPU.Deploy.0 = Release|x86
		{FD1C74B0-F575-4E76-83FB-2B81B3300E64}.Ad-Hoc|ARM.ActiveCfg = Release|ARM
		{FD1C74B0-F575-4E76-83FB-2B81B3300E64}.Ad-Hoc|ARM.Build.0 = Release|ARM
		{FD1C74B0-F575-4E76-83FB-2B81B3300E64}.Ad-Hoc|ARM.Deploy.0 = Release|ARM
		{FD1C74B0-F575-4E76-83FB-2B81B3300E64}.Ad-Hoc|iPhone.ActiveCfg = Release|x86
		{FD1C74B0-F575-4E76-83FB-2B81B3300E64}.Ad-Hoc|iPhone.Build.0 = Release|x86
		{FD1C74B0-F575-4E76-83FB-2B81B3300E64}.Ad-Hoc|iPhone.Deploy.0 = Release|x86
		{FD1C74B0-F575-4E76-83FB-2B81B3300E64}.Ad-Hoc|iPhoneSimulator.ActiveCfg = Release|x86
		{FD1C74B0-F575-4E76-83FB-2B81B3300E64}.Ad-Hoc|iPhoneSimulator.Build.0 = Release|x86
		{FD1C74B0-F575-4E76-83FB-2B81B3300E64}.Ad-Hoc|iPhoneSimulator.Deploy.0 = Release|x86
		{FD1C74B0-F575-4E76-83FB-2B81B3300E64}.Ad-Hoc|x64.ActiveCfg = Release|x64
		{FD1C74B0-F575-4E76-83FB-2B81B3300E64}.Ad-Hoc|x64.Build.0 = Release|x64
		{FD1C74B0-F575-4E76-83FB-2B81B3300E64}.Ad-Hoc|x64.Deploy.0 = Release|x64
		{FD1C74B0-F575-4E76-83FB-2B81B3300E64}.Ad-Hoc|x86.ActiveCfg = Release|x86
		{FD1C74B0-F575-4E76-83FB-2B81B3300E64}.Ad-Hoc|x86.Build.0 = Release|x86
		{FD1C74B0-F575-4E76-83FB-2B81B3300E64}.Ad-Hoc|x86.Deploy.0 = Release|x86
		{FD1C74B0-F575-4E76-83FB-2B81B3300E64}.AppStore|Any CPU.ActiveCfg = Release|x86
		{FD1C74B0-F575-4E76-83FB-2B81B3300E64}.AppStore|Any CPU.Build.0 = Release|x86
		{FD1C74B0-F575-4E76-83FB-2B81B3300E64}.AppStore|Any CPU.Deploy.0 = Release|x86
		{FD1C74B0-F575-4E76-83FB-2B81B3300E64}.AppStore|ARM.ActiveCfg = Release|ARM
		{FD1C74B0-F575-4E76-83FB-2B81B3300E64}.AppStore|ARM.Build.0 = Release|ARM
		{FD1C74B0-F575-4E76-83FB-2B81B3300E64}.AppStore|ARM.Deploy.0 = Release|ARM
		{FD1C74B0-F575-4E76-83FB-2B81B3300E64}.AppStore|iPhone.ActiveCfg = Release|x86
		{FD1C74B0-F575-4E76-83FB-2B81B3300E64}.AppStore|iPhone.Build.0 = Release|x86
		{FD1C74B0-F575-4E76-83FB-2B81B3300E64}.AppStore|iPhone.Deploy.0 = Release|x86
		{FD1C74B0-F575-4E76-83FB-2B81B3300E64}.AppStore|iPhoneSimulator.ActiveCfg = Release|x86
		{FD1C74B0-F575-4E76-83FB-2B81B3300E64}.AppStore|iPhoneSimulator.Build.0 = Release|x86
		{FD1C74B0-F575-4E76-83FB-2B81B3300E64}.AppStore|iPhoneSimulator.Deploy.0 = Release|x86
		{FD1C74B0-F575-4E76-83FB-2B81B3300E64}.AppStore|x64.ActiveCfg = Release|x64
		{FD1C74B0-F575-4E76-83FB-2B81B3300E64}.AppStore|x64.Build.0 = Release|x64
		{FD1C74B0-F575-4E76-83FB-2B81B3300E64}.AppStore|x64.Deploy.0 = Release|x64
		{FD1C74B0-F575-4E76-83FB-2B81B3300E64}.AppStore|x86.ActiveCfg = Release|x86
		{FD1C74B0-F575-4E76-83FB-2B81B3300E64}.AppStore|x86.Build.0 = Release|x86
		{FD1C74B0-F575-4E76-83FB-2B81B3300E64}.AppStore|x86.Deploy.0 = Release|x86
		{FD1C74B0-F575-4E76-83FB-2B81B3300E64}.Debug|Any CPU.ActiveCfg = Debug|x86
		{FD1C74B0-F575-4E76-83FB-2B81B3300E64}.Debug|Any CPU.Build.0 = Debug|x86
		{FD1C74B0-F575-4E76-83FB-2B81B3300E64}.Debug|Any CPU.Deploy.0 = Debug|x86
		{FD1C74B0-F575-4E76-83FB-2B81B3300E64}.Debug|ARM.ActiveCfg = Debug|ARM
		{FD1C74B0-F575-4E76-83FB-2B81B3300E64}.Debug|ARM.Build.0 = Debug|ARM
		{FD1C74B0-F575-4E76-83FB-2B81B3300E64}.Debug|ARM.Deploy.0 = Debug|ARM
		{FD1C74B0-F575-4E76-83FB-2B81B3300E64}.Debug|iPhone.ActiveCfg = Debug|x86
		{FD1C74B0-F575-4E76-83FB-2B81B3300E64}.Debug|iPhone.Build.0 = Debug|x86
		{FD1C74B0-F575-4E76-83FB-2B81B3300E64}.Debug|iPhone.Deploy.0 = Debug|x86
		{FD1C74B0-F575-4E76-83FB-2B81B3300E64}.Debug|iPhoneSimulator.ActiveCfg = Debug|x86
		{FD1C74B0-F575-4E76-83FB-2B81B3300E64}.Debug|iPhoneSimulator.Build.0 = Debug|x86
		{FD1C74B0-F575-4E76-83FB-2B81B3300E64}.Debug|iPhoneSimulator.Deploy.0 = Debug|x86
		{FD1C74B0-F575-4E76-83FB-2B81B3300E64}.Debug|x64.ActiveCfg = Debug|x64
		{FD1C74B0-F575-4E76-83FB-2B81B3300E64}.Debug|x64.Build.0 = Debug|x64
		{FD1C74B0-F575-4E76-83FB-2B81B3300E64}.Debug|x64.Deploy.0 = Debug|x64
		{FD1C74B0-F575-4E76-83FB-2B81B3300E64}.Debug|x86.ActiveCfg = Debug|x86
		{FD1C74B0-F575-4E76-83FB-2B81B3300E64}.Debug|x86.Build.0 = Debug|x86
		{FD1C74B0-F575-4E76-83FB-2B81B3300E64}.Debug|x86.Deploy.0 = Debug|x86
		{FD1C74B0-F575-4E76-83FB-2B81B3300E64}.Release|Any CPU.ActiveCfg = Release|x86
		{FD1C74B0-F575-4E76-83FB-2B81B3300E64}.Release|Any CPU.Build.0 = Release|x86
		{FD1C74B0-F575-4E76-83FB-2B81B3300E64}.Release|Any CPU.Deploy.0 = Release|x86
		{FD1C74B0-F575-4E76-83FB-2B81B3300E64}.Release|ARM.ActiveCfg = Release|ARM
		{FD1C74B0-F575-4E76-83FB-2B81B3300E64}.Release|ARM.Build.0 = Release|ARM
		{FD1C74B0-F575-4E76-83FB-2B81B3300E64}.Release|ARM.Deploy.0 = Release|ARM
		{FD1C74B0-F575-4E76-83FB-2B81B3300E64}.Release|iPhone.ActiveCfg = Release|x86
		{FD1C74B0-F575-4E76-83FB-2B81B3300E64}.Release|iPhone.Build.0 = Release|x86
		{FD1C74B0-F575-4E76-83FB-2B81B3300E64}.Release|iPhone.Deploy.0 = Release|x86
		{FD1C74B0-F575-4E76-83FB-2B81B3300E64}.Release|iPhoneSimulator.ActiveCfg = Release|x86
		{FD1C74B0-F575-4E76-83FB-2B81B3300E64}.Release|iPhoneSimulator.Build.0 = Release|x86
		{FD1C74B0-F575-4E76-83FB-2B81B3300E64}.Release|iPhoneSimulator.Deploy.0 = Release|x86
		{FD1C74B0-F575-4E76-83FB-2B81B3300E64}.Release|x64.ActiveCfg = Release|x64
		{FD1C74B0-F575-4E76-83FB-2B81B3300E64}.Release|x64.Build.0 = Release|x64
		{FD1C74B0-F575-4E76-83FB-2B81B3300E64}.Release|x64.Deploy.0 = Release|x64
		{FD1C74B0-F575-4E76-83FB-2B81B3300E64}.Release|x86.ActiveCfg = Release|x86
		{FD1C74B0-F575-4E76-83FB-2B81B3300E64}.Release|x86.Build.0 = Release|x86
		{FD1C74B0-F575-4E76-83FB-2B81B3300E64}.Release|x86.Deploy.0 = Release|x86
	EndGlobalSection
	GlobalSection(SolutionProperties) = preSolution
		HideSolutionNode = FALSE
	EndGlobalSection
	GlobalSection(ExtensibilityGlobals) = postSolution
		SolutionGuid = {EF659A4B-C2BF-411C-A097-0DF6C9C6F42F}
	EndGlobalSection
EndGlobal
