
Microsoft Visual Studio Solution File, Format Version 12.00
# Visual Studio 15
VisualStudioVersion = 15.0.28307.645
MinimumVisualStudioVersion = 10.0.40219.1
Project("{FAE04EC0-301F-11D3-BF4B-00C04F79EFBC}") = "ProyectCompraExpress.Android", "ProyectCompraExpress\ProyectCompraExpress.Android\ProyectCompraExpress.Android.csproj", "{386BACF1-0031-4321-90F3-64F932CF4110}"
EndProject
Project("{FAE04EC0-301F-11D3-BF4B-00C04F79EFBC}") = "ProyectCompraExpress.iOS", "ProyectCompraExpress\ProyectCompraExpress.iOS\ProyectCompraExpress.iOS.csproj", "{87BD476F-F3AE-4470-8B84-69D100C67441}"
EndProject
Project("{FAE04EC0-301F-11D3-BF4B-00C04F79EFBC}") = "ProyectCompraExpress.UWP", "ProyectCompraExpress\ProyectCompraExpress.UWP\ProyectCompraExpress.UWP.csproj", "{9E2CF355-1C1F-4246-9976-EE83A41F6ACA}"
EndProject
Project("{D954291E-2A0B-460D-934E-DC6B0785DB48}") = "ProyectCompraExpress", "ProyectCompraExpress\ProyectCompraExpress\ProyectCompraExpress.shproj", "{C77903D1-0FC2-45CE-AF01-C8DE57798991}"
EndProject
Global
	GlobalSection(SharedMSBuildProjectFiles) = preSolution
		ProyectCompraExpress\ProyectCompraExpress\ProyectCompraExpress.projitems*{386bacf1-0031-4321-90f3-64f932cf4110}*SharedItemsImports = 4
		ProyectCompraExpress\ProyectCompraExpress\ProyectCompraExpress.projitems*{87bd476f-f3ae-4470-8b84-69d100c67441}*SharedItemsImports = 4
		ProyectCompraExpress\ProyectCompraExpress\ProyectCompraExpress.projitems*{9e2cf355-1c1f-4246-9976-ee83a41f6aca}*SharedItemsImports = 4
		ProyectCompraExpress\ProyectCompraExpress\ProyectCompraExpress.projitems*{c77903d1-0fc2-45ce-af01-c8de57798991}*SharedItemsImports = 13
	EndGlobalSection
	GlobalSection(SolutionConfigurationPlatforms) = preSolution
		Ad-Hoc|Any CPU = Ad-Hoc|Any CPU
		Ad-Hoc|ARM = Ad-Hoc|ARM
		Ad-Hoc|iPhone = Ad-Hoc|iPhone
		Ad-Hoc|iPhoneSimulator = Ad-Hoc|iPhoneSimulator
		Ad-Hoc|x64 = Ad-Hoc|x64
		Ad-Hoc|x86 = Ad-Hoc|x86
		AppStore|Any CPU = AppStore|Any CPU
		AppStore|ARM = AppStore|ARM
		AppStore|iPhone = AppStore|iPhone
		AppStore|iPhoneSimulator = AppStore|iPhoneSimulator
		AppStore|x64 = AppStore|x64
		AppStore|x86 = AppStore|x86
		Debug|Any CPU = Debug|Any CPU
		Debug|ARM = Debug|ARM
		Debug|iPhone = Debug|iPhone
		Debug|iPhoneSimulator = Debug|iPhoneSimulator
		Debug|x64 = Debug|x64
		Debug|x86 = Debug|x86
		Release|Any CPU = Release|Any CPU
		Release|ARM = Release|ARM
		Release|iPhone = Release|iPhone
		Release|iPhoneSimulator = Release|iPhoneSimulator
		Release|x64 = Release|x64
		Release|x86 = Release|x86
	EndGlobalSection
	GlobalSection(ProjectConfigurationPlatforms) = postSolution
		{386BACF1-0031-4321-90F3-64F932CF4110}.Ad-Hoc|Any CPU.ActiveCfg = Release|Any CPU
		{386BACF1-0031-4321-90F3-64F932CF4110}.Ad-Hoc|Any CPU.Build.0 = Release|Any CPU
		{386BACF1-0031-4321-90F3-64F932CF4110}.Ad-Hoc|Any CPU.Deploy.0 = Release|Any CPU
		{386BACF1-0031-4321-90F3-64F932CF4110}.Ad-Hoc|ARM.ActiveCfg = Release|Any CPU
		{386BACF1-0031-4321-90F3-64F932CF4110}.Ad-Hoc|ARM.Build.0 = Release|Any CPU
		{386BACF1-0031-4321-90F3-64F932CF4110}.Ad-Hoc|ARM.Deploy.0 = Release|Any CPU
		{386BACF1-0031-4321-90F3-64F932CF4110}.Ad-Hoc|iPhone.ActiveCfg = Release|Any CPU
		{386BACF1-0031-4321-90F3-64F932CF4110}.Ad-Hoc|iPhone.Build.0 = Release|Any CPU
		{386BACF1-0031-4321-90F3-64F932CF4110}.Ad-Hoc|iPhone.Deploy.0 = Release|Any CPU
		{386BACF1-0031-4321-90F3-64F932CF4110}.Ad-Hoc|iPhoneSimulator.ActiveCfg = Release|Any CPU
		{386BACF1-0031-4321-90F3-64F932CF4110}.Ad-Hoc|iPhoneSimulator.Build.0 = Release|Any CPU
		{386BACF1-0031-4321-90F3-64F932CF4110}.Ad-Hoc|iPhoneSimulator.Deploy.0 = Release|Any CPU
		{386BACF1-0031-4321-90F3-64F932CF4110}.Ad-Hoc|x64.ActiveCfg = Release|Any CPU
		{386BACF1-0031-4321-90F3-64F932CF4110}.Ad-Hoc|x64.Build.0 = Release|Any CPU
		{386BACF1-0031-4321-90F3-64F932CF4110}.Ad-Hoc|x64.Deploy.0 = Release|Any CPU
		{386BACF1-0031-4321-90F3-64F932CF4110}.Ad-Hoc|x86.ActiveCfg = Release|Any CPU
		{386BACF1-0031-4321-90F3-64F932CF4110}.Ad-Hoc|x86.Build.0 = Release|Any CPU
		{386BACF1-0031-4321-90F3-64F932CF4110}.Ad-Hoc|x86.Deploy.0 = Release|Any CPU
		{386BACF1-0031-4321-90F3-64F932CF4110}.AppStore|Any CPU.ActiveCfg = Release|Any CPU
		{386BACF1-0031-4321-90F3-64F932CF4110}.AppStore|Any CPU.Build.0 = Release|Any CPU
		{386BACF1-0031-4321-90F3-64F932CF4110}.AppStore|Any CPU.Deploy.0 = Release|Any CPU
		{386BACF1-0031-4321-90F3-64F932CF4110}.AppStore|ARM.ActiveCfg = Release|Any CPU
		{386BACF1-0031-4321-90F3-64F932CF4110}.AppStore|ARM.Build.0 = Release|Any CPU
		{386BACF1-0031-4321-90F3-64F932CF4110}.AppStore|ARM.Deploy.0 = Release|Any CPU
		{386BACF1-0031-4321-90F3-64F932CF4110}.AppStore|iPhone.ActiveCfg = Release|Any CPU
		{386BACF1-0031-4321-90F3-64F932CF4110}.AppStore|iPhone.Build.0 = Release|Any CPU
		{386BACF1-0031-4321-90F3-64F932CF4110}.AppStore|iPhone.Deploy.0 = Release|Any CPU
		{386BACF1-0031-4321-90F3-64F932CF4110}.AppStore|iPhoneSimulator.ActiveCfg = Release|Any CPU
		{386BACF1-0031-4321-90F3-64F932CF4110}.AppStore|iPhoneSimulator.Build.0 = Release|Any CPU
		{386BACF1-0031-4321-90F3-64F932CF4110}.AppStore|iPhoneSimulator.Deploy.0 = Release|Any CPU
		{386BACF1-0031-4321-90F3-64F932CF4110}.AppStore|x64.ActiveCfg = Release|Any CPU
		{386BACF1-0031-4321-90F3-64F932CF4110}.AppStore|x64.Build.0 = Release|Any CPU
		{386BACF1-0031-4321-90F3-64F932CF4110}.AppStore|x64.Deploy.0 = Release|Any CPU
		{386BACF1-0031-4321-90F3-64F932CF4110}.AppStore|x86.ActiveCfg = Release|Any CPU
		{386BACF1-0031-4321-90F3-64F932CF4110}.AppStore|x86.Build.0 = Release|Any CPU
		{386BACF1-0031-4321-90F3-64F932CF4110}.AppStore|x86.Deploy.0 = Release|Any CPU
		{386BACF1-0031-4321-90F3-64F932CF4110}.Debug|Any CPU.ActiveCfg = Debug|Any CPU
		{386BACF1-0031-4321-90F3-64F932CF4110}.Debug|Any CPU.Build.0 = Debug|Any CPU
		{386BACF1-0031-4321-90F3-64F932CF4110}.Debug|Any CPU.Deploy.0 = Debug|Any CPU
		{386BACF1-0031-4321-90F3-64F932CF4110}.Debug|ARM.ActiveCfg = Debug|Any CPU
		{386BACF1-0031-4321-90F3-64F932CF4110}.Debug|ARM.Build.0 = Debug|Any CPU
		{386BACF1-0031-4321-90F3-64F932CF4110}.Debug|ARM.Deploy.0 = Debug|Any CPU
		{386BACF1-0031-4321-90F3-64F932CF4110}.Debug|iPhone.ActiveCfg = Debug|Any CPU
		{386BACF1-0031-4321-90F3-64F932CF4110}.Debug|iPhone.Build.0 = Debug|Any CPU
		{386BACF1-0031-4321-90F3-64F932CF4110}.Debug|iPhone.Deploy.0 = Debug|Any CPU
		{386BACF1-0031-4321-90F3-64F932CF4110}.Debug|iPhoneSimulator.ActiveCfg = Debug|Any CPU
		{386BACF1-0031-4321-90F3-64F932CF4110}.Debug|iPhoneSimulator.Build.0 = Debug|Any CPU
		{386BACF1-0031-4321-90F3-64F932CF4110}.Debug|iPhoneSimulator.Deploy.0 = Debug|Any CPU
		{386BACF1-0031-4321-90F3-64F932CF4110}.Debug|x64.ActiveCfg = Debug|Any CPU
		{386BACF1-0031-4321-90F3-64F932CF4110}.Debug|x64.Build.0 = Debug|Any CPU
		{386BACF1-0031-4321-90F3-64F932CF4110}.Debug|x64.Deploy.0 = Debug|Any CPU
		{386BACF1-0031-4321-90F3-64F932CF4110}.Debug|x86.ActiveCfg = Debug|Any CPU
		{386BACF1-0031-4321-90F3-64F932CF4110}.Debug|x86.Build.0 = Debug|Any CPU
		{386BACF1-0031-4321-90F3-64F932CF4110}.Debug|x86.Deploy.0 = Debug|Any CPU
		{386BACF1-0031-4321-90F3-64F932CF4110}.Release|Any CPU.ActiveCfg = Release|Any CPU
		{386BACF1-0031-4321-90F3-64F932CF4110}.Release|Any CPU.Build.0 = Release|Any CPU
		{386BACF1-0031-4321-90F3-64F932CF4110}.Release|Any CPU.Deploy.0 = Release|Any CPU
		{386BACF1-0031-4321-90F3-64F932CF4110}.Release|ARM.ActiveCfg = Release|Any CPU
		{386BACF1-0031-4321-90F3-64F932CF4110}.Release|ARM.Build.0 = Release|Any CPU
		{386BACF1-0031-4321-90F3-64F932CF4110}.Release|ARM.Deploy.0 = Release|Any CPU
		{386BACF1-0031-4321-90F3-64F932CF4110}.Release|iPhone.ActiveCfg = Release|Any CPU
		{386BACF1-0031-4321-90F3-64F932CF4110}.Release|iPhone.Build.0 = Release|Any CPU
		{386BACF1-0031-4321-90F3-64F932CF4110}.Release|iPhone.Deploy.0 = Release|Any CPU
		{386BACF1-0031-4321-90F3-64F932CF4110}.Release|iPhoneSimulator.ActiveCfg = Release|Any CPU
		{386BACF1-0031-4321-90F3-64F932CF4110}.Release|iPhoneSimulator.Build.0 = Release|Any CPU
		{386BACF1-0031-4321-90F3-64F932CF4110}.Release|iPhoneSimulator.Deploy.0 = Release|Any CPU
		{386BACF1-0031-4321-90F3-64F932CF4110}.Release|x64.ActiveCfg = Release|Any CPU
		{386BACF1-0031-4321-90F3-64F932CF4110}.Release|x64.Build.0 = Release|Any CPU
		{386BACF1-0031-4321-90F3-64F932CF4110}.Release|x64.Deploy.0 = Release|Any CPU
		{386BACF1-0031-4321-90F3-64F932CF4110}.Release|x86.ActiveCfg = Release|Any CPU
		{386BACF1-0031-4321-90F3-64F932CF4110}.Release|x86.Build.0 = Release|Any CPU
		{386BACF1-0031-4321-90F3-64F932CF4110}.Release|x86.Deploy.0 = Release|Any CPU
		{87BD476F-F3AE-4470-8B84-69D100C67441}.Ad-Hoc|Any CPU.ActiveCfg = Ad-Hoc|iPhone
		{87BD476F-F3AE-4470-8B84-69D100C67441}.Ad-Hoc|Any CPU.Build.0 = Ad-Hoc|iPhone
		{87BD476F-F3AE-4470-8B84-69D100C67441}.Ad-Hoc|Any CPU.Deploy.0 = Ad-Hoc|iPhone
		{87BD476F-F3AE-4470-8B84-69D100C67441}.Ad-Hoc|ARM.ActiveCfg = Ad-Hoc|iPhone
		{87BD476F-F3AE-4470-8B84-69D100C67441}.Ad-Hoc|ARM.Build.0 = Ad-Hoc|iPhone
		{87BD476F-F3AE-4470-8B84-69D100C67441}.Ad-Hoc|ARM.Deploy.0 = Ad-Hoc|iPhone
		{87BD476F-F3AE-4470-8B84-69D100C67441}.Ad-Hoc|iPhone.ActiveCfg = Ad-Hoc|iPhone
		{87BD476F-F3AE-4470-8B84-69D100C67441}.Ad-Hoc|iPhone.Build.0 = Ad-Hoc|iPhone
		{87BD476F-F3AE-4470-8B84-69D100C67441}.Ad-Hoc|iPhone.Deploy.0 = Ad-Hoc|iPhone
		{87BD476F-F3AE-4470-8B84-69D100C67441}.Ad-Hoc|iPhoneSimulator.ActiveCfg = Ad-Hoc|iPhoneSimulator
		{87BD476F-F3AE-4470-8B84-69D100C67441}.Ad-Hoc|iPhoneSimulator.Build.0 = Ad-Hoc|iPhoneSimulator
		{87BD476F-F3AE-4470-8B84-69D100C67441}.Ad-Hoc|iPhoneSimulator.Deploy.0 = Ad-Hoc|iPhoneSimulator
		{87BD476F-F3AE-4470-8B84-69D100C67441}.Ad-Hoc|x64.ActiveCfg = Ad-Hoc|iPhone
		{87BD476F-F3AE-4470-8B84-69D100C67441}.Ad-Hoc|x64.Build.0 = Ad-Hoc|iPhone
		{87BD476F-F3AE-4470-8B84-69D100C67441}.Ad-Hoc|x64.Deploy.0 = Ad-Hoc|iPhone
		{87BD476F-F3AE-4470-8B84-69D100C67441}.Ad-Hoc|x86.ActiveCfg = Ad-Hoc|iPhone
		{87BD476F-F3AE-4470-8B84-69D100C67441}.Ad-Hoc|x86.Build.0 = Ad-Hoc|iPhone
		{87BD476F-F3AE-4470-8B84-69D100C67441}.Ad-Hoc|x86.Deploy.0 = Ad-Hoc|iPhone
		{87BD476F-F3AE-4470-8B84-69D100C67441}.AppStore|Any CPU.ActiveCfg = AppStore|iPhone
		{87BD476F-F3AE-4470-8B84-69D100C67441}.AppStore|Any CPU.Build.0 = AppStore|iPhone
		{87BD476F-F3AE-4470-8B84-69D100C67441}.AppStore|Any CPU.Deploy.0 = AppStore|iPhone
		{87BD476F-F3AE-4470-8B84-69D100C67441}.AppStore|ARM.ActiveCfg = AppStore|iPhone
		{87BD476F-F3AE-4470-8B84-69D100C67441}.AppStore|ARM.Build.0 = AppStore|iPhone
		{87BD476F-F3AE-4470-8B84-69D100C67441}.AppStore|ARM.Deploy.0 = AppStore|iPhone
		{87BD476F-F3AE-4470-8B84-69D100C67441}.AppStore|iPhone.ActiveCfg = AppStore|iPhone
		{87BD476F-F3AE-4470-8B84-69D100C67441}.AppStore|iPhone.Build.0 = AppStore|iPhone
		{87BD476F-F3AE-4470-8B84-69D100C67441}.AppStore|iPhone.Deploy.0 = AppStore|iPhone
		{87BD476F-F3AE-4470-8B84-69D100C67441}.AppStore|iPhoneSimulator.ActiveCfg = AppStore|iPhoneSimulator
		{87BD476F-F3AE-4470-8B84-69D100C67441}.AppStore|iPhoneSimulator.Build.0 = AppStore|iPhoneSimulator
		{87BD476F-F3AE-4470-8B84-69D100C67441}.AppStore|iPhoneSimulator.Deploy.0 = AppStore|iPhoneSimulator
		{87BD476F-F3AE-4470-8B84-69D100C67441}.AppStore|x64.ActiveCfg = AppStore|iPhone
		{87BD476F-F3AE-4470-8B84-69D100C67441}.AppStore|x64.Build.0 = AppStore|iPhone
		{87BD476F-F3AE-4470-8B84-69D100C67441}.AppStore|x64.Deploy.0 = AppStore|iPhone
		{87BD476F-F3AE-4470-8B84-69D100C67441}.AppStore|x86.ActiveCfg = AppStore|iPhone
		{87BD476F-F3AE-4470-8B84-69D100C67441}.AppStore|x86.Build.0 = AppStore|iPhone
		{87BD476F-F3AE-4470-8B84-69D100C67441}.AppStore|x86.Deploy.0 = AppStore|iPhone
		{87BD476F-F3AE-4470-8B84-69D100C67441}.Debug|Any CPU.ActiveCfg = Debug|iPhoneSimulator
		{87BD476F-F3AE-4470-8B84-69D100C67441}.Debug|Any CPU.Build.0 = Debug|iPhoneSimulator
		{87BD476F-F3AE-4470-8B84-69D100C67441}.Debug|Any CPU.Deploy.0 = Debug|iPhoneSimulator
		{87BD476F-F3AE-4470-8B84-69D100C67441}.Debug|ARM.ActiveCfg = Debug|iPhone
		{87BD476F-F3AE-4470-8B84-69D100C67441}.Debug|ARM.Build.0 = Debug|iPhone
		{87BD476F-F3AE-4470-8B84-69D100C67441}.Debug|ARM.Deploy.0 = Debug|iPhone
		{87BD476F-F3AE-4470-8B84-69D100C67441}.Debug|iPhone.ActiveCfg = Debug|iPhone
		{87BD476F-F3AE-4470-8B84-69D100C67441}.Debug|iPhone.Build.0 = Debug|iPhone
		{87BD476F-F3AE-4470-8B84-69D100C67441}.Debug|iPhone.Deploy.0 = Debug|iPhone
		{87BD476F-F3AE-4470-8B84-69D100C67441}.Debug|iPhoneSimulator.ActiveCfg = Debug|iPhoneSimulator
		{87BD476F-F3AE-4470-8B84-69D100C67441}.Debug|iPhoneSimulator.Build.0 = Debug|iPhoneSimulator
		{87BD476F-F3AE-4470-8B84-69D100C67441}.Debug|iPhoneSimulator.Deploy.0 = Debug|iPhoneSimulator
		{87BD476F-F3AE-4470-8B84-69D100C67441}.Debug|x64.ActiveCfg = Debug|iPhone
		{87BD476F-F3AE-4470-8B84-69D100C67441}.Debug|x64.Build.0 = Debug|iPhone
		{87BD476F-F3AE-4470-8B84-69D100C67441}.Debug|x64.Deploy.0 = Debug|iPhone
		{87BD476F-F3AE-4470-8B84-69D100C67441}.Debug|x86.ActiveCfg = Debug|iPhone
		{87BD476F-F3AE-4470-8B84-69D100C67441}.Debug|x86.Build.0 = Debug|iPhone
		{87BD476F-F3AE-4470-8B84-69D100C67441}.Debug|x86.Deploy.0 = Debug|iPhone
		{87BD476F-F3AE-4470-8B84-69D100C67441}.Release|Any CPU.ActiveCfg = Release|iPhone
		{87BD476F-F3AE-4470-8B84-69D100C67441}.Release|Any CPU.Build.0 = Release|iPhone
		{87BD476F-F3AE-4470-8B84-69D100C67441}.Release|Any CPU.Deploy.0 = Release|iPhone
		{87BD476F-F3AE-4470-8B84-69D100C67441}.Release|ARM.ActiveCfg = Release|iPhone
		{87BD476F-F3AE-4470-8B84-69D100C67441}.Release|ARM.Build.0 = Release|iPhone
		{87BD476F-F3AE-4470-8B84-69D100C67441}.Release|ARM.Deploy.0 = Release|iPhone
		{87BD476F-F3AE-4470-8B84-69D100C67441}.Release|iPhone.ActiveCfg = Release|iPhone
		{87BD476F-F3AE-4470-8B84-69D100C67441}.Release|iPhone.Build.0 = Release|iPhone
		{87BD476F-F3AE-4470-8B84-69D100C67441}.Release|iPhone.Deploy.0 = Release|iPhone
		{87BD476F-F3AE-4470-8B84-69D100C67441}.Release|iPhoneSimulator.ActiveCfg = Release|iPhoneSimulator
		{87BD476F-F3AE-4470-8B84-69D100C67441}.Release|iPhoneSimulator.Build.0 = Release|iPhoneSimulator
		{87BD476F-F3AE-4470-8B84-69D100C67441}.Release|iPhoneSimulator.Deploy.0 = Release|iPhoneSimulator
		{87BD476F-F3AE-4470-8B84-69D100C67441}.Release|x64.ActiveCfg = Release|iPhone
		{87BD476F-F3AE-4470-8B84-69D100C67441}.Release|x64.Build.0 = Release|iPhone
		{87BD476F-F3AE-4470-8B84-69D100C67441}.Release|x64.Deploy.0 = Release|iPhone
		{87BD476F-F3AE-4470-8B84-69D100C67441}.Release|x86.ActiveCfg = Release|iPhone
		{87BD476F-F3AE-4470-8B84-69D100C67441}.Release|x86.Build.0 = Release|iPhone
		{87BD476F-F3AE-4470-8B84-69D100C67441}.Release|x86.Deploy.0 = Release|iPhone
		{9E2CF355-1C1F-4246-9976-EE83A41F6ACA}.Ad-Hoc|Any CPU.ActiveCfg = Release|x86
		{9E2CF355-1C1F-4246-9976-EE83A41F6ACA}.Ad-Hoc|Any CPU.Build.0 = Release|x86
		{9E2CF355-1C1F-4246-9976-EE83A41F6ACA}.Ad-Hoc|Any CPU.Deploy.0 = Release|x86
		{9E2CF355-1C1F-4246-9976-EE83A41F6ACA}.Ad-Hoc|ARM.ActiveCfg = Release|ARM
		{9E2CF355-1C1F-4246-9976-EE83A41F6ACA}.Ad-Hoc|ARM.Build.0 = Release|ARM
		{9E2CF355-1C1F-4246-9976-EE83A41F6ACA}.Ad-Hoc|ARM.Deploy.0 = Release|ARM
		{9E2CF355-1C1F-4246-9976-EE83A41F6ACA}.Ad-Hoc|iPhone.ActiveCfg = Release|x86
		{9E2CF355-1C1F-4246-9976-EE83A41F6ACA}.Ad-Hoc|iPhone.Build.0 = Release|x86
		{9E2CF355-1C1F-4246-9976-EE83A41F6ACA}.Ad-Hoc|iPhone.Deploy.0 = Release|x86
		{9E2CF355-1C1F-4246-9976-EE83A41F6ACA}.Ad-Hoc|iPhoneSimulator.ActiveCfg = Release|x86
		{9E2CF355-1C1F-4246-9976-EE83A41F6ACA}.Ad-Hoc|iPhoneSimulator.Build.0 = Release|x86
		{9E2CF355-1C1F-4246-9976-EE83A41F6ACA}.Ad-Hoc|iPhoneSimulator.Deploy.0 = Release|x86
		{9E2CF355-1C1F-4246-9976-EE83A41F6ACA}.Ad-Hoc|x64.ActiveCfg = Release|x64
		{9E2CF355-1C1F-4246-9976-EE83A41F6ACA}.Ad-Hoc|x64.Build.0 = Release|x64
		{9E2CF355-1C1F-4246-9976-EE83A41F6ACA}.Ad-Hoc|x64.Deploy.0 = Release|x64
		{9E2CF355-1C1F-4246-9976-EE83A41F6ACA}.Ad-Hoc|x86.ActiveCfg = Release|x86
		{9E2CF355-1C1F-4246-9976-EE83A41F6ACA}.Ad-Hoc|x86.Build.0 = Release|x86
		{9E2CF355-1C1F-4246-9976-EE83A41F6ACA}.Ad-Hoc|x86.Deploy.0 = Release|x86
		{9E2CF355-1C1F-4246-9976-EE83A41F6ACA}.AppStore|Any CPU.ActiveCfg = Release|x86
		{9E2CF355-1C1F-4246-9976-EE83A41F6ACA}.AppStore|Any CPU.Build.0 = Release|x86
		{9E2CF355-1C1F-4246-9976-EE83A41F6ACA}.AppStore|Any CPU.Deploy.0 = Release|x86
		{9E2CF355-1C1F-4246-9976-EE83A41F6ACA}.AppStore|ARM.ActiveCfg = Release|ARM
		{9E2CF355-1C1F-4246-9976-EE83A41F6ACA}.AppStore|ARM.Build.0 = Release|ARM
		{9E2CF355-1C1F-4246-9976-EE83A41F6ACA}.AppStore|ARM.Deploy.0 = Release|ARM
		{9E2CF355-1C1F-4246-9976-EE83A41F6ACA}.AppStore|iPhone.ActiveCfg = Release|x86
		{9E2CF355-1C1F-4246-9976-EE83A41F6ACA}.AppStore|iPhone.Build.0 = Release|x86
		{9E2CF355-1C1F-4246-9976-EE83A41F6ACA}.AppStore|iPhone.Deploy.0 = Release|x86
		{9E2CF355-1C1F-4246-9976-EE83A41F6ACA}.AppStore|iPhoneSimulator.ActiveCfg = Release|x86
		{9E2CF355-1C1F-4246-9976-EE83A41F6ACA}.AppStore|iPhoneSimulator.Build.0 = Release|x86
		{9E2CF355-1C1F-4246-9976-EE83A41F6ACA}.AppStore|iPhoneSimulator.Deploy.0 = Release|x86
		{9E2CF355-1C1F-4246-9976-EE83A41F6ACA}.AppStore|x64.ActiveCfg = Release|x64
		{9E2CF355-1C1F-4246-9976-EE83A41F6ACA}.AppStore|x64.Build.0 = Release|x64
		{9E2CF355-1C1F-4246-9976-EE83A41F6ACA}.AppStore|x64.Deploy.0 = Release|x64
		{9E2CF355-1C1F-4246-9976-EE83A41F6ACA}.AppStore|x86.ActiveCfg = Release|x86
		{9E2CF355-1C1F-4246-9976-EE83A41F6ACA}.AppStore|x86.Build.0 = Release|x86
		{9E2CF355-1C1F-4246-9976-EE83A41F6ACA}.AppStore|x86.Deploy.0 = Release|x86
		{9E2CF355-1C1F-4246-9976-EE83A41F6ACA}.Debug|Any CPU.ActiveCfg = Debug|x86
		{9E2CF355-1C1F-4246-9976-EE83A41F6ACA}.Debug|Any CPU.Build.0 = Debug|x86
		{9E2CF355-1C1F-4246-9976-EE83A41F6ACA}.Debug|Any CPU.Deploy.0 = Debug|x86
		{9E2CF355-1C1F-4246-9976-EE83A41F6ACA}.Debug|ARM.ActiveCfg = Debug|ARM
		{9E2CF355-1C1F-4246-9976-EE83A41F6ACA}.Debug|ARM.Build.0 = Debug|ARM
		{9E2CF355-1C1F-4246-9976-EE83A41F6ACA}.Debug|ARM.Deploy.0 = Debug|ARM
		{9E2CF355-1C1F-4246-9976-EE83A41F6ACA}.Debug|iPhone.ActiveCfg = Debug|x86
		{9E2CF355-1C1F-4246-9976-EE83A41F6ACA}.Debug|iPhone.Build.0 = Debug|x86
		{9E2CF355-1C1F-4246-9976-EE83A41F6ACA}.Debug|iPhone.Deploy.0 = Debug|x86
		{9E2CF355-1C1F-4246-9976-EE83A41F6ACA}.Debug|iPhoneSimulator.ActiveCfg = Debug|x86
		{9E2CF355-1C1F-4246-9976-EE83A41F6ACA}.Debug|iPhoneSimulator.Build.0 = Debug|x86
		{9E2CF355-1C1F-4246-9976-EE83A41F6ACA}.Debug|iPhoneSimulator.Deploy.0 = Debug|x86
		{9E2CF355-1C1F-4246-9976-EE83A41F6ACA}.Debug|x64.ActiveCfg = Debug|x64
		{9E2CF355-1C1F-4246-9976-EE83A41F6ACA}.Debug|x64.Build.0 = Debug|x64
		{9E2CF355-1C1F-4246-9976-EE83A41F6ACA}.Debug|x64.Deploy.0 = Debug|x64
		{9E2CF355-1C1F-4246-9976-EE83A41F6ACA}.Debug|x86.ActiveCfg = Debug|x86
		{9E2CF355-1C1F-4246-9976-EE83A41F6ACA}.Debug|x86.Build.0 = Debug|x86
		{9E2CF355-1C1F-4246-9976-EE83A41F6ACA}.Debug|x86.Deploy.0 = Debug|x86
		{9E2CF355-1C1F-4246-9976-EE83A41F6ACA}.Release|Any CPU.ActiveCfg = Release|x86
		{9E2CF355-1C1F-4246-9976-EE83A41F6ACA}.Release|Any CPU.Build.0 = Release|x86
		{9E2CF355-1C1F-4246-9976-EE83A41F6ACA}.Release|Any CPU.Deploy.0 = Release|x86
		{9E2CF355-1C1F-4246-9976-EE83A41F6ACA}.Release|ARM.ActiveCfg = Release|ARM
		{9E2CF355-1C1F-4246-9976-EE83A41F6ACA}.Release|ARM.Build.0 = Release|ARM
		{9E2CF355-1C1F-4246-9976-EE83A41F6ACA}.Release|ARM.Deploy.0 = Release|ARM
		{9E2CF355-1C1F-4246-9976-EE83A41F6ACA}.Release|iPhone.ActiveCfg = Release|x86
		{9E2CF355-1C1F-4246-9976-EE83A41F6ACA}.Release|iPhone.Build.0 = Release|x86
		{9E2CF355-1C1F-4246-9976-EE83A41F6ACA}.Release|iPhone.Deploy.0 = Release|x86
		{9E2CF355-1C1F-4246-9976-EE83A41F6ACA}.Release|iPhoneSimulator.ActiveCfg = Release|x86
		{9E2CF355-1C1F-4246-9976-EE83A41F6ACA}.Release|iPhoneSimulator.Build.0 = Release|x86
		{9E2CF355-1C1F-4246-9976-EE83A41F6ACA}.Release|iPhoneSimulator.Deploy.0 = Release|x86
		{9E2CF355-1C1F-4246-9976-EE83A41F6ACA}.Release|x64.ActiveCfg = Release|x64
		{9E2CF355-1C1F-4246-9976-EE83A41F6ACA}.Release|x64.Build.0 = Release|x64
		{9E2CF355-1C1F-4246-9976-EE83A41F6ACA}.Release|x64.Deploy.0 = Release|x64
		{9E2CF355-1C1F-4246-9976-EE83A41F6ACA}.Release|x86.ActiveCfg = Release|x86
		{9E2CF355-1C1F-4246-9976-EE83A41F6ACA}.Release|x86.Build.0 = Release|x86
		{9E2CF355-1C1F-4246-9976-EE83A41F6ACA}.Release|x86.Deploy.0 = Release|x86
	EndGlobalSection
	GlobalSection(SolutionProperties) = preSolution
		HideSolutionNode = FALSE
	EndGlobalSection
	GlobalSection(ExtensibilityGlobals) = postSolution
		SolutionGuid = {C513D702-8DA9-4352-964D-1AF64A441B65}
	EndGlobalSection
EndGlobal
